
Microsoft Visual Studio Solution File, Format Version 12.00
# Visual Studio Version 16
VisualStudioVersion = 16.0.30114.105
MinimumVisualStudioVersion = 10.0.40219.1
Project("{FAE04EC0-301F-11D3-BF4B-00C04F79EFBC}") = "TF2SA.Web", "TF2SA.Web\TF2SA.Web.csproj", "{E842EF0F-0638-4734-9E70-AA3384618214}"
EndProject
Project("{FAE04EC0-301F-11D3-BF4B-00C04F79EFBC}") = "TF2SA.Data", "TF2SA.Data\TF2SA.Data.csproj", "{6D0BFFE9-A6A0-417D-9AA1-81C66637A306}"
EndProject
Project("{FAE04EC0-301F-11D3-BF4B-00C04F79EFBC}") = "TF2SA.StatsETLService", "TF2SA.StatsETLService\TF2SA.StatsETLService.csproj", "{9B25D668-673C-490D-8FDA-E6AA476ED742}"
EndProject
Project("{FAE04EC0-301F-11D3-BF4B-00C04F79EFBC}") = "TF2SA.Tests.Unit", "TF2SA.Tests.Unit\TF2SA.Tests.Unit.csproj", "{8283CB51-01CD-46A8-A206-E62487385C9A}"
EndProject
Project("{FAE04EC0-301F-11D3-BF4B-00C04F79EFBC}") = "TF2SA.Query", "TF2SA.Query\TF2SA.Query.csproj", "{F1ADE20A-B2E3-4F4B-AC04-BF1802D59451}"
EndProject
Project("{FAE04EC0-301F-11D3-BF4B-00C04F79EFBC}") = "TF2SA.Http", "TF2SA.Http\TF2SA.Http.csproj", "{DF2CB21A-D1A5-462E-8394-E1AAAB8D4DB0}"
EndProject
Project("{FAE04EC0-301F-11D3-BF4B-00C04F79EFBC}") = "TF2SA.Common", "TF2SA.Common\TF2SA.Common.csproj", "{B5C7AB4D-1B8C-42B2-80C6-68603249FA22}"
EndProject
Project("{FAE04EC0-301F-11D3-BF4B-00C04F79EFBC}") = "TF2SA.Benchmarks", "TF2SA.Benchmarks\TF2SA.Benchmarks.csproj", "{87A73F01-B356-499D-91C4-8FB0230BDDF1}"
EndProject
Global
	GlobalSection(SolutionConfigurationPlatforms) = preSolution
		Debug|Any CPU = Debug|Any CPU
		Release|Any CPU = Release|Any CPU
	EndGlobalSection
	GlobalSection(SolutionProperties) = preSolution
		HideSolutionNode = FALSE
	EndGlobalSection
	GlobalSection(ProjectConfigurationPlatforms) = postSolution
		{E842EF0F-0638-4734-9E70-AA3384618214}.Debug|Any CPU.ActiveCfg = Debug|Any CPU
		{E842EF0F-0638-4734-9E70-AA3384618214}.Debug|Any CPU.Build.0 = Debug|Any CPU
		{E842EF0F-0638-4734-9E70-AA3384618214}.Release|Any CPU.ActiveCfg = Release|Any CPU
		{E842EF0F-0638-4734-9E70-AA3384618214}.Release|Any CPU.Build.0 = Release|Any CPU
		{6D0BFFE9-A6A0-417D-9AA1-81C66637A306}.Debug|Any CPU.ActiveCfg = Debug|Any CPU
		{6D0BFFE9-A6A0-417D-9AA1-81C66637A306}.Debug|Any CPU.Build.0 = Debug|Any CPU
		{6D0BFFE9-A6A0-417D-9AA1-81C66637A306}.Release|Any CPU.ActiveCfg = Release|Any CPU
		{6D0BFFE9-A6A0-417D-9AA1-81C66637A306}.Release|Any CPU.Build.0 = Release|Any CPU
		{9B25D668-673C-490D-8FDA-E6AA476ED742}.Debug|Any CPU.ActiveCfg = Debug|Any CPU
		{9B25D668-673C-490D-8FDA-E6AA476ED742}.Debug|Any CPU.Build.0 = Debug|Any CPU
		{9B25D668-673C-490D-8FDA-E6AA476ED742}.Release|Any CPU.ActiveCfg = Release|Any CPU
		{9B25D668-673C-490D-8FDA-E6AA476ED742}.Release|Any CPU.Build.0 = Release|Any CPU
		{8283CB51-01CD-46A8-A206-E62487385C9A}.Debug|Any CPU.ActiveCfg = Debug|Any CPU
		{8283CB51-01CD-46A8-A206-E62487385C9A}.Debug|Any CPU.Build.0 = Debug|Any CPU
		{8283CB51-01CD-46A8-A206-E62487385C9A}.Release|Any CPU.ActiveCfg = Release|Any CPU
		{8283CB51-01CD-46A8-A206-E62487385C9A}.Release|Any CPU.Build.0 = Release|Any CPU
		{F1ADE20A-B2E3-4F4B-AC04-BF1802D59451}.Debug|Any CPU.ActiveCfg = Debug|Any CPU
		{F1ADE20A-B2E3-4F4B-AC04-BF1802D59451}.Debug|Any CPU.Build.0 = Debug|Any CPU
		{F1ADE20A-B2E3-4F4B-AC04-BF1802D59451}.Release|Any CPU.ActiveCfg = Release|Any CPU
		{F1ADE20A-B2E3-4F4B-AC04-BF1802D59451}.Release|Any CPU.Build.0 = Release|Any CPU
		{DF2CB21A-D1A5-462E-8394-E1AAAB8D4DB0}.Debug|Any CPU.ActiveCfg = Debug|Any CPU
		{DF2CB21A-D1A5-462E-8394-E1AAAB8D4DB0}.Debug|Any CPU.Build.0 = Debug|Any CPU
		{DF2CB21A-D1A5-462E-8394-E1AAAB8D4DB0}.Release|Any CPU.ActiveCfg = Release|Any CPU
		{DF2CB21A-D1A5-462E-8394-E1AAAB8D4DB0}.Release|Any CPU.Build.0 = Release|Any CPU
		{B5C7AB4D-1B8C-42B2-80C6-68603249FA22}.Debug|Any CPU.ActiveCfg = Debug|Any CPU
		{B5C7AB4D-1B8C-42B2-80C6-68603249FA22}.Debug|Any CPU.Build.0 = Debug|Any CPU
		{B5C7AB4D-1B8C-42B2-80C6-68603249FA22}.Release|Any CPU.ActiveCfg = Release|Any CPU
		{B5C7AB4D-1B8C-42B2-80C6-68603249FA22}.Release|Any CPU.Build.0 = Release|Any CPU
		{87A73F01-B356-499D-91C4-8FB0230BDDF1}.Debug|Any CPU.ActiveCfg = Debug|Any CPU
		{87A73F01-B356-499D-91C4-8FB0230BDDF1}.Debug|Any CPU.Build.0 = Debug|Any CPU
		{87A73F01-B356-499D-91C4-8FB0230BDDF1}.Release|Any CPU.ActiveCfg = Release|Any CPU
		{87A73F01-B356-499D-91C4-8FB0230BDDF1}.Release|Any CPU.Build.0 = Release|Any CPU
	EndGlobalSection
EndGlobal
